<Solution>
  <Project Path="Datos/Datos.csproj" Id="33383dd8-f3c6-48b7-a02b-51c9b65912e3" />
  <Project Path="Entidades/Entidades.csproj" Id="acdf1b43-5ae4-4863-84a1-1fde895e9ce1" />
  <Project Path="Negocios/Negocios.csproj" Id="a00cc9c0-3913-4cf7-8339-0d1e60b6d33a" />
  <Project Path="Vistas/Vistas.csproj" Id="2c90748c-6d2a-432b-8755-a0293c8c7275" />
</Solution>
